// !$*UTF8*$!
{
	archiveVersion = 1;
	classes = {
	};
	objectVersion = 56;
	objects = {

/* Begin PBXBuildFile section */
		420126872B7675E400A4E6F9 /* MainViewController.swift in Sources */ = {isa = PBXBuildFile; fileRef = 420126862B7675E400A4E6F9 /* MainViewController.swift */; };
		42BCFB902B7158F200C0BCBD /* AppDelegate.swift in Sources */ = {isa = PBXBuildFile; fileRef = 42BCFB8F2B7158F200C0BCBD /* AppDelegate.swift */; };
		42BCFB922B7158F200C0BCBD /* SceneDelegate.swift in Sources */ = {isa = PBXBuildFile; fileRef = 42BCFB912B7158F200C0BCBD /* SceneDelegate.swift */; };
		42BCFB972B7158F200C0BCBD /* Main.storyboard in Resources */ = {isa = PBXBuildFile; fileRef = 42BCFB952B7158F200C0BCBD /* Main.storyboard */; };
		42BCFB992B7158F500C0BCBD /* Assets.xcassets in Resources */ = {isa = PBXBuildFile; fileRef = 42BCFB982B7158F500C0BCBD /* Assets.xcassets */; };
		42BCFB9C2B7158F500C0BCBD /* LaunchScreen.storyboard in Resources */ = {isa = PBXBuildFile; fileRef = 42BCFB9A2B7158F500C0BCBD /* LaunchScreen.storyboard */; };
		42BCFBA72B7158F500C0BCBD /* developing_v2Tests.swift in Sources */ = {isa = PBXBuildFile; fileRef = 42BCFBA62B7158F500C0BCBD /* developing_v2Tests.swift */; };
		42BCFBB12B7158F500C0BCBD /* developing_v2UITests.swift in Sources */ = {isa = PBXBuildFile; fileRef = 42BCFBB02B7158F500C0BCBD /* developing_v2UITests.swift */; };
		42BCFBB32B7158F500C0BCBD /* developing_v2UITestsLaunchTests.swift in Sources */ = {isa = PBXBuildFile; fileRef = 42BCFBB22B7158F500C0BCBD /* developing_v2UITestsLaunchTests.swift */; };
		42BCFBC12B71597E00C0BCBD /* MapViewController.swift in Sources */ = {isa = PBXBuildFile; fileRef = 42BCFBC02B71597E00C0BCBD /* MapViewController.swift */; };
		42BCFBC42B71599000C0BCBD /* GooglePlaces in Frameworks */ = {isa = PBXBuildFile; productRef = 42BCFBC32B71599000C0BCBD /* GooglePlaces */; };
		42BCFBC72B7159AF00C0BCBD /* GoogleMaps in Frameworks */ = {isa = PBXBuildFile; productRef = 42BCFBC62B7159AF00C0BCBD /* GoogleMaps */; };
		42BCFBC92B7159AF00C0BCBD /* GoogleMapsBase in Frameworks */ = {isa = PBXBuildFile; productRef = 42BCFBC82B7159AF00C0BCBD /* GoogleMapsBase */; };
		42BCFBCB2B7159AF00C0BCBD /* GoogleMapsCore in Frameworks */ = {isa = PBXBuildFile; productRef = 42BCFBCA2B7159AF00C0BCBD /* GoogleMapsCore */; };
		42BCFBCD2B7159AF00C0BCBD /* GoogleMapsM4B in Frameworks */ = {isa = PBXBuildFile; productRef = 42BCFBCC2B7159AF00C0BCBD /* GoogleMapsM4B */; };
/* End PBXBuildFile section */

/* Begin PBXContainerItemProxy section */
		42BCFBA32B7158F500C0BCBD /* PBXContainerItemProxy */ = {
			isa = PBXContainerItemProxy;
			containerPortal = 42BCFB842B7158F200C0BCBD /* Project object */;
			proxyType = 1;
			remoteGlobalIDString = 42BCFB8B2B7158F200C0BCBD;
			remoteInfo = developing_v2;
		};
		42BCFBAD2B7158F500C0BCBD /* PBXContainerItemProxy */ = {
			isa = PBXContainerItemProxy;
			containerPortal = 42BCFB842B7158F200C0BCBD /* Project object */;
			proxyType = 1;
			remoteGlobalIDString = 42BCFB8B2B7158F200C0BCBD;
			remoteInfo = developing_v2;
		};
/* End PBXContainerItemProxy section */

/* Begin PBXFileReference section */
		420126862B7675E400A4E6F9 /* MainViewController.swift */ = {isa = PBXFileReference; lastKnownFileType = sourcecode.swift; path = MainViewController.swift; sourceTree = "<group>"; };
		42BCFB8C2B7158F200C0BCBD /* developing_v2.app */ = {isa = PBXFileReference; explicitFileType = wrapper.application; includeInIndex = 0; path = developing_v2.app; sourceTree = BUILT_PRODUCTS_DIR; };
		42BCFB8F2B7158F200C0BCBD /* AppDelegate.swift */ = {isa = PBXFileReference; lastKnownFileType = sourcecode.swift; path = AppDelegate.swift; sourceTree = "<group>"; };
		42BCFB912B7158F200C0BCBD /* SceneDelegate.swift */ = {isa = PBXFileReference; lastKnownFileType = sourcecode.swift; path = SceneDelegate.swift; sourceTree = "<group>"; };
		42BCFB962B7158F200C0BCBD /* Base */ = {isa = PBXFileReference; lastKnownFileType = file.storyboard; name = Base; path = Base.lproj/Main.storyboard; sourceTree = "<group>"; };
		42BCFB982B7158F500C0BCBD /* Assets.xcassets */ = {isa = PBXFileReference; lastKnownFileType = folder.assetcatalog; path = Assets.xcassets; sourceTree = "<group>"; };
		42BCFB9B2B7158F500C0BCBD /* Base */ = {isa = PBXFileReference; lastKnownFileType = file.storyboard; name = Base; path = Base.lproj/LaunchScreen.storyboard; sourceTree = "<group>"; };
		42BCFB9D2B7158F500C0BCBD /* Info.plist */ = {isa = PBXFileReference; lastKnownFileType = text.plist.xml; path = Info.plist; sourceTree = "<group>"; };
		42BCFBA22B7158F500C0BCBD /* developing_v2Tests.xctest */ = {isa = PBXFileReference; explicitFileType = wrapper.cfbundle; includeInIndex = 0; path = developing_v2Tests.xctest; sourceTree = BUILT_PRODUCTS_DIR; };
		42BCFBA62B7158F500C0BCBD /* developing_v2Tests.swift */ = {isa = PBXFileReference; lastKnownFileType = sourcecode.swift; path = developing_v2Tests.swift; sourceTree = "<group>"; };
		42BCFBAC2B7158F500C0BCBD /* developing_v2UITests.xctest */ = {isa = PBXFileReference; explicitFileType = wrapper.cfbundle; includeInIndex = 0; path = developing_v2UITests.xctest; sourceTree = BUILT_PRODUCTS_DIR; };
		42BCFBB02B7158F500C0BCBD /* developing_v2UITests.swift */ = {isa = PBXFileReference; lastKnownFileType = sourcecode.swift; path = developing_v2UITests.swift; sourceTree = "<group>"; };
		42BCFBB22B7158F500C0BCBD /* developing_v2UITestsLaunchTests.swift */ = {isa = PBXFileReference; lastKnownFileType = sourcecode.swift; path = developing_v2UITestsLaunchTests.swift; sourceTree = "<group>"; };
		42BCFBC02B71597E00C0BCBD /* MapViewController.swift */ = {isa = PBXFileReference; lastKnownFileType = sourcecode.swift; path = MapViewController.swift; sourceTree = "<group>"; };
/* End PBXFileReference section */

/* Begin PBXFrameworksBuildPhase section */
		42BCFB892B7158F200C0BCBD /* Frameworks */ = {
			isa = PBXFrameworksBuildPhase;
			buildActionMask = 2147483647;
			files = (
				42BCFBC92B7159AF00C0BCBD /* GoogleMapsBase in Frameworks */,
				42BCFBCB2B7159AF00C0BCBD /* GoogleMapsCore in Frameworks */,
				42BCFBC72B7159AF00C0BCBD /* GoogleMaps in Frameworks */,
				42BCFBCD2B7159AF00C0BCBD /* GoogleMapsM4B in Frameworks */,
				42BCFBC42B71599000C0BCBD /* GooglePlaces in Frameworks */,
			);
			runOnlyForDeploymentPostprocessing = 0;
		};
		42BCFB9F2B7158F500C0BCBD /* Frameworks */ = {
			isa = PBXFrameworksBuildPhase;
			buildActionMask = 2147483647;
			files = (
			);
			runOnlyForDeploymentPostprocessing = 0;
		};
		42BCFBA92B7158F500C0BCBD /* Frameworks */ = {
			isa = PBXFrameworksBuildPhase;
			buildActionMask = 2147483647;
			files = (
			);
			runOnlyForDeploymentPostprocessing = 0;
		};
/* End PBXFrameworksBuildPhase section */

/* Begin PBXGroup section */
		42BCFB832B7158F200C0BCBD = {
			isa = PBXGroup;
			children = (
				42BCFB8E2B7158F200C0BCBD /* developing_v2 */,
				42BCFBA52B7158F500C0BCBD /* developing_v2Tests */,
				42BCFBAF2B7158F500C0BCBD /* developing_v2UITests */,
				42BCFB8D2B7158F200C0BCBD /* Products */,
			);
			sourceTree = "<group>";
		};
		42BCFB8D2B7158F200C0BCBD /* Products */ = {
			isa = PBXGroup;
			children = (
				42BCFB8C2B7158F200C0BCBD /* developing_v2.app */,
				42BCFBA22B7158F500C0BCBD /* developing_v2Tests.xctest */,
				42BCFBAC2B7158F500C0BCBD /* developing_v2UITests.xctest */,
			);
			name = Products;
			sourceTree = "<group>";
		};
		42BCFB8E2B7158F200C0BCBD /* developing_v2 */ = {
			isa = PBXGroup;
			children = (
				42BCFBBF2B71590B00C0BCBD /* Supporting */,
				420126862B7675E400A4E6F9 /* MainViewController.swift */,
				42BCFBC02B71597E00C0BCBD /* MapViewController.swift */,
				42BCFB952B7158F200C0BCBD /* Main.storyboard */,
				42BCFB9D2B7158F500C0BCBD /* Info.plist */,
			);
			path = developing_v2;
			sourceTree = "<group>";
		};
		42BCFBA52B7158F500C0BCBD /* developing_v2Tests */ = {
			isa = PBXGroup;
			children = (
				42BCFBA62B7158F500C0BCBD /* developing_v2Tests.swift */,
			);
			path = developing_v2Tests;
			sourceTree = "<group>";
		};
		42BCFBAF2B7158F500C0BCBD /* developing_v2UITests */ = {
			isa = PBXGroup;
			children = (
				42BCFBB02B7158F500C0BCBD /* developing_v2UITests.swift */,
				42BCFBB22B7158F500C0BCBD /* developing_v2UITestsLaunchTests.swift */,
			);
			path = developing_v2UITests;
			sourceTree = "<group>";
		};
		42BCFBBF2B71590B00C0BCBD /* Supporting */ = {
			isa = PBXGroup;
			children = (
				42BCFB8F2B7158F200C0BCBD /* AppDelegate.swift */,
				42BCFB912B7158F200C0BCBD /* SceneDelegate.swift */,
				42BCFB9A2B7158F500C0BCBD /* LaunchScreen.storyboard */,
				42BCFB982B7158F500C0BCBD /* Assets.xcassets */,
			);
			path = Supporting;
			sourceTree = "<group>";
		};
/* End PBXGroup section */

/* Begin PBXNativeTarget section */
		42BCFB8B2B7158F200C0BCBD /* developing_v2 */ = {
			isa = PBXNativeTarget;
			buildConfigurationList = 42BCFBB62B7158F500C0BCBD /* Build configuration list for PBXNativeTarget "developing_v2" */;
			buildPhases = (
				42BCFB882B7158F200C0BCBD /* Sources */,
				42BCFB892B7158F200C0BCBD /* Frameworks */,
				42BCFB8A2B7158F200C0BCBD /* Resources */,
			);
			buildRules = (
			);
			dependencies = (
			);
			name = developing_v2;
			packageProductDependencies = (
				42BCFBC32B71599000C0BCBD /* GooglePlaces */,
				42BCFBC62B7159AF00C0BCBD /* GoogleMaps */,
				42BCFBC82B7159AF00C0BCBD /* GoogleMapsBase */,
				42BCFBCA2B7159AF00C0BCBD /* GoogleMapsCore */,
				42BCFBCC2B7159AF00C0BCBD /* GoogleMapsM4B */,
			);
			productName = developing_v2;
			productReference = 42BCFB8C2B7158F200C0BCBD /* developing_v2.app */;
			productType = "com.apple.product-type.application";
		};
		42BCFBA12B7158F500C0BCBD /* developing_v2Tests */ = {
			isa = PBXNativeTarget;
			buildConfigurationList = 42BCFBB92B7158F500C0BCBD /* Build configuration list for PBXNativeTarget "developing_v2Tests" */;
			buildPhases = (
				42BCFB9E2B7158F500C0BCBD /* Sources */,
				42BCFB9F2B7158F500C0BCBD /* Frameworks */,
				42BCFBA02B7158F500C0BCBD /* Resources */,
			);
			buildRules = (
			);
			dependencies = (
				42BCFBA42B7158F500C0BCBD /* PBXTargetDependency */,
			);
			name = developing_v2Tests;
			productName = developing_v2Tests;
			productReference = 42BCFBA22B7158F500C0BCBD /* developing_v2Tests.xctest */;
			productType = "com.apple.product-type.bundle.unit-test";
		};
		42BCFBAB2B7158F500C0BCBD /* developing_v2UITests */ = {
			isa = PBXNativeTarget;
			buildConfigurationList = 42BCFBBC2B7158F500C0BCBD /* Build configuration list for PBXNativeTarget "developing_v2UITests" */;
			buildPhases = (
				42BCFBA82B7158F500C0BCBD /* Sources */,
				42BCFBA92B7158F500C0BCBD /* Frameworks */,
				42BCFBAA2B7158F500C0BCBD /* Resources */,
			);
			buildRules = (
			);
			dependencies = (
				42BCFBAE2B7158F500C0BCBD /* PBXTargetDependency */,
			);
			name = developing_v2UITests;
			productName = developing_v2UITests;
			productReference = 42BCFBAC2B7158F500C0BCBD /* developing_v2UITests.xctest */;
			productType = "com.apple.product-type.bundle.ui-testing";
		};
/* End PBXNativeTarget section */

/* Begin PBXProject section */
		42BCFB842B7158F200C0BCBD /* Project object */ = {
			isa = PBXProject;
			attributes = {
				BuildIndependentTargetsInParallel = 1;
				LastSwiftUpdateCheck = 1500;
				LastUpgradeCheck = 1500;
				TargetAttributes = {
					42BCFB8B2B7158F200C0BCBD = {
						CreatedOnToolsVersion = 15.0;
					};
					42BCFBA12B7158F500C0BCBD = {
						CreatedOnToolsVersion = 15.0;
						TestTargetID = 42BCFB8B2B7158F200C0BCBD;
					};
					42BCFBAB2B7158F500C0BCBD = {
						CreatedOnToolsVersion = 15.0;
						TestTargetID = 42BCFB8B2B7158F200C0BCBD;
					};
				};
			};
			buildConfigurationList = 42BCFB872B7158F200C0BCBD /* Build configuration list for PBXProject "developing_v2" */;
			compatibilityVersion = "Xcode 14.0";
			developmentRegion = en;
			hasScannedForEncodings = 0;
			knownRegions = (
				en,
				Base,
			);
			mainGroup = 42BCFB832B7158F200C0BCBD;
			packageReferences = (
				42BCFBC22B71599000C0BCBD /* XCRemoteSwiftPackageReference "ios-places-sdk" */,
				42BCFBC52B7159AF00C0BCBD /* XCRemoteSwiftPackageReference "ios-maps-sdk" */,
			);
			productRefGroup = 42BCFB8D2B7158F200C0BCBD /* Products */;
			projectDirPath = "";
			projectRoot = "";
			targets = (
				42BCFB8B2B7158F200C0BCBD /* developing_v2 */,
				42BCFBA12B7158F500C0BCBD /* developing_v2Tests */,
				42BCFBAB2B7158F500C0BCBD /* developing_v2UITests */,
			);
		};
/* End PBXProject section */

/* Begin PBXResourcesBuildPhase section */
		42BCFB8A2B7158F200C0BCBD /* Resources */ = {
			isa = PBXResourcesBuildPhase;
			buildActionMask = 2147483647;
			files = (
				42BCFB9C2B7158F500C0BCBD /* LaunchScreen.storyboard in Resources */,
				42BCFB992B7158F500C0BCBD /* Assets.xcassets in Resources */,
				42BCFB972B7158F200C0BCBD /* Main.storyboard in Resources */,
			);
			runOnlyForDeploymentPostprocessing = 0;
		};
		42BCFBA02B7158F500C0BCBD /* Resources */ = {
			isa = PBXResourcesBuildPhase;
			buildActionMask = 2147483647;
			files = (
			);
			runOnlyForDeploymentPostprocessing = 0;
		};
		42BCFBAA2B7158F500C0BCBD /* Resources */ = {
			isa = PBXResourcesBuildPhase;
			buildActionMask = 2147483647;
			files = (
			);
			runOnlyForDeploymentPostprocessing = 0;
		};
/* End PBXResourcesBuildPhase section */

/* Begin PBXSourcesBuildPhase section */
		42BCFB882B7158F200C0BCBD /* Sources */ = {
			isa = PBXSourcesBuildPhase;
			buildActionMask = 2147483647;
			files = (
				42BCFB902B7158F200C0BCBD /* AppDelegate.swift in Sources */,
				42BCFB922B7158F200C0BCBD /* SceneDelegate.swift in Sources */,
				42BCFBC12B71597E00C0BCBD /* MapViewController.swift in Sources */,
				420126872B7675E400A4E6F9 /* MainViewController.swift in Sources */,
			);
			runOnlyForDeploymentPostprocessing = 0;
		};
		42BCFB9E2B7158F500C0BCBD /* Sources */ = {
			isa = PBXSourcesBuildPhase;
			buildActionMask = 2147483647;
			files = (
				42BCFBA72B7158F500C0BCBD /* developing_v2Tests.swift in Sources */,
			);
			runOnlyForDeploymentPostprocessing = 0;
		};
		42BCFBA82B7158F500C0BCBD /* Sources */ = {
			isa = PBXSourcesBuildPhase;
			buildActionMask = 2147483647;
			files = (
				42BCFBB12B7158F500C0BCBD /* developing_v2UITests.swift in Sources */,
				42BCFBB32B7158F500C0BCBD /* developing_v2UITestsLaunchTests.swift in Sources */,
			);
			runOnlyForDeploymentPostprocessing = 0;
		};
/* End PBXSourcesBuildPhase section */

/* Begin PBXTargetDependency section */
		42BCFBA42B7158F500C0BCBD /* PBXTargetDependency */ = {
			isa = PBXTargetDependency;
			target = 42BCFB8B2B7158F200C0BCBD /* developing_v2 */;
			targetProxy = 42BCFBA32B7158F500C0BCBD /* PBXContainerItemProxy */;
		};
		42BCFBAE2B7158F500C0BCBD /* PBXTargetDependency */ = {
			isa = PBXTargetDependency;
			target = 42BCFB8B2B7158F200C0BCBD /* developing_v2 */;
			targetProxy = 42BCFBAD2B7158F500C0BCBD /* PBXContainerItemProxy */;
		};
/* End PBXTargetDependency section */

/* Begin PBXVariantGroup section */
		42BCFB952B7158F200C0BCBD /* Main.storyboard */ = {
			isa = PBXVariantGroup;
			children = (
				42BCFB962B7158F200C0BCBD /* Base */,
			);
			name = Main.storyboard;
			sourceTree = "<group>";
		};
		42BCFB9A2B7158F500C0BCBD /* LaunchScreen.storyboard */ = {
			isa = PBXVariantGroup;
			children = (
				42BCFB9B2B7158F500C0BCBD /* Base */,
			);
			name = LaunchScreen.storyboard;
			sourceTree = "<group>";
		};
/* End PBXVariantGroup section */

/* Begin XCBuildConfiguration section */
		42BCFBB42B7158F500C0BCBD /* Debug */ = {
			isa = XCBuildConfiguration;
			buildSettings = {
				ALWAYS_SEARCH_USER_PATHS = NO;
				ASSETCATALOG_COMPILER_GENERATE_SWIFT_ASSET_SYMBOL_EXTENSIONS = YES;
				CLANG_ANALYZER_NONNULL = YES;
				CLANG_ANALYZER_NUMBER_OBJECT_CONVERSION = YES_AGGRESSIVE;
				CLANG_CXX_LANGUAGE_STANDARD = "gnu++20";
				CLANG_ENABLE_MODULES = YES;
				CLANG_ENABLE_OBJC_ARC = YES;
				CLANG_ENABLE_OBJC_WEAK = YES;
				CLANG_WARN_BLOCK_CAPTURE_AUTORELEASING = YES;
				CLANG_WARN_BOOL_CONVERSION = YES;
				CLANG_WARN_COMMA = YES;
				CLANG_WARN_CONSTANT_CONVERSION = YES;
				CLANG_WARN_DEPRECATED_OBJC_IMPLEMENTATIONS = YES;
				CLANG_WARN_DIRECT_OBJC_ISA_USAGE = YES_ERROR;
				CLANG_WARN_DOCUMENTATION_COMMENTS = YES;
				CLANG_WARN_EMPTY_BODY = YES;
				CLANG_WARN_ENUM_CONVERSION = YES;
				CLANG_WARN_INFINITE_RECURSION = YES;
				CLANG_WARN_INT_CONVERSION = YES;
				CLANG_WARN_NON_LITERAL_NULL_CONVERSION = YES;
				CLANG_WARN_OBJC_IMPLICIT_RETAIN_SELF = YES;
				CLANG_WARN_OBJC_LITERAL_CONVERSION = YES;
				CLANG_WARN_OBJC_ROOT_CLASS = YES_ERROR;
				CLANG_WARN_QUOTED_INCLUDE_IN_FRAMEWORK_HEADER = YES;
				CLANG_WARN_RANGE_LOOP_ANALYSIS = YES;
				CLANG_WARN_STRICT_PROTOTYPES = YES;
				CLANG_WARN_SUSPICIOUS_MOVE = YES;
				CLANG_WARN_UNGUARDED_AVAILABILITY = YES_AGGRESSIVE;
				CLANG_WARN_UNREACHABLE_CODE = YES;
				CLANG_WARN__DUPLICATE_METHOD_MATCH = YES;
				COPY_PHASE_STRIP = NO;
				DEBUG_INFORMATION_FORMAT = dwarf;
				ENABLE_STRICT_OBJC_MSGSEND = YES;
				ENABLE_TESTABILITY = YES;
				ENABLE_USER_SCRIPT_SANDBOXING = YES;
				GCC_C_LANGUAGE_STANDARD = gnu17;
				GCC_DYNAMIC_NO_PIC = NO;
				GCC_NO_COMMON_BLOCKS = YES;
				GCC_OPTIMIZATION_LEVEL = 0;
				GCC_PREPROCESSOR_DEFINITIONS = (
					"DEBUG=1",
					"$(inherited)",
				);
				GCC_WARN_64_TO_32_BIT_CONVERSION = YES;
				GCC_WARN_ABOUT_RETURN_TYPE = YES_ERROR;
				GCC_WARN_UNDECLARED_SELECTOR = YES;
				GCC_WARN_UNINITIALIZED_AUTOS = YES_AGGRESSIVE;
				GCC_WARN_UNUSED_FUNCTION = YES;
				GCC_WARN_UNUSED_VARIABLE = YES;
				IPHONEOS_DEPLOYMENT_TARGET = 15.0;
				LOCALIZATION_PREFERS_STRING_CATALOGS = YES;
				MTL_ENABLE_DEBUG_INFO = INCLUDE_SOURCE;
				MTL_FAST_MATH = YES;
				ONLY_ACTIVE_ARCH = YES;
				SDKROOT = iphoneos;
				SWIFT_ACTIVE_COMPILATION_CONDITIONS = "DEBUG $(inherited)";
				SWIFT_OPTIMIZATION_LEVEL = "-Onone";
			};
			name = Debug;
		};
		42BCFBB52B7158F500C0BCBD /* Release */ = {
			isa = XCBuildConfiguration;
			buildSettings = {
				ALWAYS_SEARCH_USER_PATHS = NO;
				ASSETCATALOG_COMPILER_GENERATE_SWIFT_ASSET_SYMBOL_EXTENSIONS = YES;
				CLANG_ANALYZER_NONNULL = YES;
				CLANG_ANALYZER_NUMBER_OBJECT_CONVERSION = YES_AGGRESSIVE;
				CLANG_CXX_LANGUAGE_STANDARD = "gnu++20";
				CLANG_ENABLE_MODULES = YES;
				CLANG_ENABLE_OBJC_ARC = YES;
				CLANG_ENABLE_OBJC_WEAK = YES;
				CLANG_WARN_BLOCK_CAPTURE_AUTORELEASING = YES;
				CLANG_WARN_BOOL_CONVERSION = YES;
				CLANG_WARN_COMMA = YES;
				CLANG_WARN_CONSTANT_CONVERSION = YES;
				CLANG_WARN_DEPRECATED_OBJC_IMPLEMENTATIONS = YES;
				CLANG_WARN_DIRECT_OBJC_ISA_USAGE = YES_ERROR;
				CLANG_WARN_DOCUMENTATION_COMMENTS = YES;
				CLANG_WARN_EMPTY_BODY = YES;
				CLANG_WARN_ENUM_CONVERSION = YES;
				CLANG_WARN_INFINITE_RECURSION = YES;
				CLANG_WARN_INT_CONVERSION = YES;
				CLANG_WARN_NON_LITERAL_NULL_CONVERSION = YES;
				CLANG_WARN_OBJC_IMPLICIT_RETAIN_SELF = YES;
				CLANG_WARN_OBJC_LITERAL_CONVERSION = YES;
				CLANG_WARN_OBJC_ROOT_CLASS = YES_ERROR;
				CLANG_WARN_QUOTED_INCLUDE_IN_FRAMEWORK_HEADER = YES;
				CLANG_WARN_RANGE_LOOP_ANALYSIS = YES;
				CLANG_WARN_STRICT_PROTOTYPES = YES;
				CLANG_WARN_SUSPICIOUS_MOVE = YES;
				CLANG_WARN_UNGUARDED_AVAILABILITY = YES_AGGRESSIVE;
				CLANG_WARN_UNREACHABLE_CODE = YES;
				CLANG_WARN__DUPLICATE_METHOD_MATCH = YES;
				COPY_PHASE_STRIP = NO;
				DEBUG_INFORMATION_FORMAT = "dwarf-with-dsym";
				ENABLE_NS_ASSERTIONS = NO;
				ENABLE_STRICT_OBJC_MSGSEND = YES;
				ENABLE_USER_SCRIPT_SANDBOXING = YES;
				GCC_C_LANGUAGE_STANDARD = gnu17;
				GCC_NO_COMMON_BLOCKS = YES;
				GCC_WARN_64_TO_32_BIT_CONVERSION = YES;
				GCC_WARN_ABOUT_RETURN_TYPE = YES_ERROR;
				GCC_WARN_UNDECLARED_SELECTOR = YES;
				GCC_WARN_UNINITIALIZED_AUTOS = YES_AGGRESSIVE;
				GCC_WARN_UNUSED_FUNCTION = YES;
				GCC_WARN_UNUSED_VARIABLE = YES;
				IPHONEOS_DEPLOYMENT_TARGET = 15.0;
				LOCALIZATION_PREFERS_STRING_CATALOGS = YES;
				MTL_ENABLE_DEBUG_INFO = NO;
				MTL_FAST_MATH = YES;
				SDKROOT = iphoneos;
				SWIFT_COMPILATION_MODE = wholemodule;
				VALIDATE_PRODUCT = YES;
			};
			name = Release;
		};
		42BCFBB72B7158F500C0BCBD /* Debug */ = {
			isa = XCBuildConfiguration;
			buildSettings = {
				ASSETCATALOG_COMPILER_APPICON_NAME = AppIcon;
				ASSETCATALOG_COMPILER_GLOBAL_ACCENT_COLOR_NAME = AccentColor;
				CODE_SIGN_IDENTITY = "Apple Development";
				CODE_SIGN_STYLE = Automatic;
				CURRENT_PROJECT_VERSION = 1;
				DEVELOPMENT_TEAM = GMK65YMD89;
				GENERATE_INFOPLIST_FILE = YES;
				INFOPLIST_FILE = developing_v2/Info.plist;
				INFOPLIST_KEY_CFBundleDisplayName = EcoTravelPrint;
				INFOPLIST_KEY_LSApplicationCategoryType = "public.app-category.travel";
				INFOPLIST_KEY_UIApplicationSupportsIndirectInputEvents = YES;
				INFOPLIST_KEY_UILaunchStoryboardName = LaunchScreen;
				INFOPLIST_KEY_UIMainStoryboardFile = Main;
				INFOPLIST_KEY_UISupportedInterfaceOrientations_iPad = "UIInterfaceOrientationPortrait UIInterfaceOrientationPortraitUpsideDown UIInterfaceOrientationLandscapeLeft UIInterfaceOrientationLandscapeRight";
				INFOPLIST_KEY_UISupportedInterfaceOrientations_iPhone = "UIInterfaceOrientationPortrait UIInterfaceOrientationLandscapeLeft UIInterfaceOrientationLandscapeRight";
				IPHONEOS_DEPLOYMENT_TARGET = 15.0;
				LD_RUNPATH_SEARCH_PATHS = (
					"$(inherited)",
					"@executable_path/Frameworks",
				);
				MARKETING_VERSION = 1.0;
				PRODUCT_BUNDLE_IDENTIFIER = "sabrinaboc.developing-v2";
				PRODUCT_NAME = "$(TARGET_NAME)";
				PROVISIONING_PROFILE_SPECIFIER = "";
				SWIFT_EMIT_LOC_STRINGS = YES;
				SWIFT_VERSION = 5.0;
				TARGETED_DEVICE_FAMILY = "1,2";
			};
			name = Debug;
		};
		42BCFBB82B7158F500C0BCBD /* Release */ = {
			isa = XCBuildConfiguration;
			buildSettings = {
				ASSETCATALOG_COMPILER_APPICON_NAME = AppIcon;
				ASSETCATALOG_COMPILER_GLOBAL_ACCENT_COLOR_NAME = AccentColor;
				CODE_SIGN_IDENTITY = "Apple Development";
				CODE_SIGN_STYLE = Automatic;
				CURRENT_PROJECT_VERSION = 1;
				DEVELOPMENT_TEAM = GMK65YMD89;
				GENERATE_INFOPLIST_FILE = YES;
				INFOPLIST_FILE = developing_v2/Info.plist;
				INFOPLIST_KEY_CFBundleDisplayName = EcoTravelPrint;
				INFOPLIST_KEY_LSApplicationCategoryType = "public.app-category.travel";
				INFOPLIST_KEY_UIApplicationSupportsIndirectInputEvents = YES;
				INFOPLIST_KEY_UILaunchStoryboardName = LaunchScreen;
				INFOPLIST_KEY_UIMainStoryboardFile = Main;
				INFOPLIST_KEY_UISupportedInterfaceOrientations_iPad = "UIInterfaceOrientationPortrait UIInterfaceOrientationPortraitUpsideDown UIInterfaceOrientationLandscapeLeft UIInterfaceOrientationLandscapeRight";
				INFOPLIST_KEY_UISupportedInterfaceOrientations_iPhone = "UIInterfaceOrientationPortrait UIInterfaceOrientationLandscapeLeft UIInterfaceOrientationLandscapeRight";
				IPHONEOS_DEPLOYMENT_TARGET = 15.0;
				LD_RUNPATH_SEARCH_PATHS = (
					"$(inherited)",
					"@executable_path/Frameworks",
				);
				MARKETING_VERSION = 1.0;
				PRODUCT_BUNDLE_IDENTIFIER = "sabrinaboc.developing-v2";
				PRODUCT_NAME = "$(TARGET_NAME)";
				PROVISIONING_PROFILE_SPECIFIER = "";
				SWIFT_EMIT_LOC_STRINGS = YES;
				SWIFT_VERSION = 5.0;
				TARGETED_DEVICE_FAMILY = "1,2";
			};
			name = Release;
		};
		42BCFBBA2B7158F500C0BCBD /* Debug */ = {
			isa = XCBuildConfiguration;
			buildSettings = {
				ALWAYS_EMBED_SWIFT_STANDARD_LIBRARIES = YES;
				BUNDLE_LOADER = "$(TEST_HOST)";
				CODE_SIGN_STYLE = Automatic;
				CURRENT_PROJECT_VERSION = 1;
				DEVELOPMENT_TEAM = GMK65YMD89;
				GENERATE_INFOPLIST_FILE = YES;
				IPHONEOS_DEPLOYMENT_TARGET = 17.0;
				MARKETING_VERSION = 1.0;
				PRODUCT_BUNDLE_IDENTIFIER = "sabrinaboc.developing-v2Tests";
				PRODUCT_NAME = "$(TARGET_NAME)";
				SWIFT_EMIT_LOC_STRINGS = NO;
				SWIFT_VERSION = 5.0;
				TARGETED_DEVICE_FAMILY = "1,2";
				TEST_HOST = "$(BUILT_PRODUCTS_DIR)/developing_v2.app/$(BUNDLE_EXECUTABLE_FOLDER_PATH)/developing_v2";
			};
			name = Debug;
		};
		42BCFBBB2B7158F500C0BCBD /* Release */ = {
			isa = XCBuildConfiguration;
			buildSettings = {
				ALWAYS_EMBED_SWIFT_STANDARD_LIBRARIES = YES;
				BUNDLE_LOADER = "$(TEST_HOST)";
				CODE_SIGN_STYLE = Automatic;
				CURRENT_PROJECT_VERSION = 1;
				DEVELOPMENT_TEAM = GMK65YMD89;
				GENERATE_INFOPLIST_FILE = YES;
				IPHONEOS_DEPLOYMENT_TARGET = 17.0;
				MARKETING_VERSION = 1.0;
				PRODUCT_BUNDLE_IDENTIFIER = "sabrinaboc.developing-v2Tests";
				PRODUCT_NAME = "$(TARGET_NAME)";
				SWIFT_EMIT_LOC_STRINGS = NO;
				SWIFT_VERSION = 5.0;
				TARGETED_DEVICE_FAMILY = "1,2";
				TEST_HOST = "$(BUILT_PRODUCTS_DIR)/developing_v2.app/$(BUNDLE_EXECUTABLE_FOLDER_PATH)/developing_v2";
			};
			name = Release;
		};
		42BCFBBD2B7158F500C0BCBD /* Debug */ = {
			isa = XCBuildConfiguration;
			buildSettings = {
				ALWAYS_EMBED_SWIFT_STANDARD_LIBRARIES = YES;
				CODE_SIGN_STYLE = Automatic;
				CURRENT_PROJECT_VERSION = 1;
				DEVELOPMENT_TEAM = GMK65YMD89;
				GENERATE_INFOPLIST_FILE = YES;
				MARKETING_VERSION = 1.0;
				PRODUCT_BUNDLE_IDENTIFIER = "sabrinaboc.developing-v2UITests";
				PRODUCT_NAME = "$(TARGET_NAME)";
				SWIFT_EMIT_LOC_STRINGS = NO;
				SWIFT_VERSION = 5.0;
				TARGETED_DEVICE_FAMILY = "1,2";
				TEST_TARGET_NAME = developing_v2;
			};
			name = Debug;
		};
		42BCFBBE2B7158F500C0BCBD /* Release */ = {
			isa = XCBuildConfiguration;
			buildSettings = {
				ALWAYS_EMBED_SWIFT_STANDARD_LIBRARIES = YES;
				CODE_SIGN_STYLE = Automatic;
				CURRENT_PROJECT_VERSION = 1;
				DEVELOPMENT_TEAM = GMK65YMD89;
				GENERATE_INFOPLIST_FILE = YES;
				MARKETING_VERSION = 1.0;
				PRODUCT_BUNDLE_IDENTIFIER = "sabrinaboc.developing-v2UITests";
				PRODUCT_NAME = "$(TARGET_NAME)";
				SWIFT_EMIT_LOC_STRINGS = NO;
				SWIFT_VERSION = 5.0;
				TARGETED_DEVICE_FAMILY = "1,2";
				TEST_TARGET_NAME = developing_v2;
			};
			name = Release;
		};
/* End XCBuildConfiguration section */

/* Begin XCConfigurationList section */
		42BCFB872B7158F200C0BCBD /* Build configuration list for PBXProject "developing_v2" */ = {
			isa = XCConfigurationList;
			buildConfigurations = (
				42BCFBB42B7158F500C0BCBD /* Debug */,
				42BCFBB52B7158F500C0BCBD /* Release */,
			);
			defaultConfigurationIsVisible = 0;
			defaultConfigurationName = Release;
		};
		42BCFBB62B7158F500C0BCBD /* Build configuration list for PBXNativeTarget "developing_v2" */ = {
			isa = XCConfigurationList;
			buildConfigurations = (
				42BCFBB72B7158F500C0BCBD /* Debug */,
				42BCFBB82B7158F500C0BCBD /* Release */,
			);
			defaultConfigurationIsVisible = 0;
			defaultConfigurationName = Release;
		};
		42BCFBB92B7158F500C0BCBD /* Build configuration list for PBXNativeTarget "developing_v2Tests" */ = {
			isa = XCConfigurationList;
			buildConfigurations = (
				42BCFBBA2B7158F500C0BCBD /* Debug */,
				42BCFBBB2B7158F500C0BCBD /* Release */,
			);
			defaultConfigurationIsVisible = 0;
			defaultConfigurationName = Release;
		};
		42BCFBBC2B7158F500C0BCBD /* Build configuration list for PBXNativeTarget "developing_v2UITests" */ = {
			isa = XCConfigurationList;
			buildConfigurations = (
				42BCFBBD2B7158F500C0BCBD /* Debug */,
				42BCFBBE2B7158F500C0BCBD /* Release */,
			);
			defaultConfigurationIsVisible = 0;
			defaultConfigurationName = Release;
		};
/* End XCConfigurationList section */

/* Begin XCRemoteSwiftPackageReference section */
		42BCFBC22B71599000C0BCBD /* XCRemoteSwiftPackageReference "ios-places-sdk" */ = {
			isa = XCRemoteSwiftPackageReference;
			repositoryURL = "https://github.com/googlemaps/ios-places-sdk";
			requirement = {
				kind = upToNextMajorVersion;
				minimumVersion = 8.3.0;
			};
		};
		42BCFBC52B7159AF00C0BCBD /* XCRemoteSwiftPackageReference "ios-maps-sdk" */ = {
			isa = XCRemoteSwiftPackageReference;
			repositoryURL = "https://github.com/googlemaps/ios-maps-sdk";
			requirement = {
				kind = upToNextMajorVersion;
				minimumVersion = 8.3.1;
			};
		};
/* End XCRemoteSwiftPackageReference section */

/* Begin XCSwiftPackageProductDependency section */
		42BCFBC32B71599000C0BCBD /* GooglePlaces */ = {
			isa = XCSwiftPackageProductDependency;
			package = 42BCFBC22B71599000C0BCBD /* XCRemoteSwiftPackageReference "ios-places-sdk" */;
			productName = GooglePlaces;
		};
		42BCFBC62B7159AF00C0BCBD /* GoogleMaps */ = {
			isa = XCSwiftPackageProductDependency;
			package = 42BCFBC52B7159AF00C0BCBD /* XCRemoteSwiftPackageReference "ios-maps-sdk" */;
			productName = GoogleMaps;
		};
		42BCFBC82B7159AF00C0BCBD /* GoogleMapsBase */ = {
			isa = XCSwiftPackageProductDependency;
			package = 42BCFBC52B7159AF00C0BCBD /* XCRemoteSwiftPackageReference "ios-maps-sdk" */;
			productName = GoogleMapsBase;
		};
		42BCFBCA2B7159AF00C0BCBD /* GoogleMapsCore */ = {
			isa = XCSwiftPackageProductDependency;
			package = 42BCFBC52B7159AF00C0BCBD /* XCRemoteSwiftPackageReference "ios-maps-sdk" */;
			productName = GoogleMapsCore;
		};
		42BCFBCC2B7159AF00C0BCBD /* GoogleMapsM4B */ = {
			isa = XCSwiftPackageProductDependency;
			package = 42BCFBC52B7159AF00C0BCBD /* XCRemoteSwiftPackageReference "ios-maps-sdk" */;
			productName = GoogleMapsM4B;
		};
/* End XCSwiftPackageProductDependency section */
	};
	rootObject = 42BCFB842B7158F200C0BCBD /* Project object */;
}
